
Microsoft Visual Studio Solution File, Format Version 12.00
# Visual Studio Version 17
VisualStudioVersion = 17.2.32519.379
MinimumVisualStudioVersion = 10.0.40219.1
Project("{FAE04EC0-301F-11D3-BF4B-00C04F79EFBC}") = "LabBigSchool_TranNamGiao", "LabBigSchool_TranNamGiao\LabBigSchool_TranNamGiao.csproj", "{04D55437-DC9F-4512-91CD-D4253347698B}"
EndProject
Global
	GlobalSection(SolutionConfigurationPlatforms) = preSolution
		Debug|Any CPU = Debug|Any CPU
		Release|Any CPU = Release|Any CPU
	EndGlobalSection
	GlobalSection(ProjectConfigurationPlatforms) = postSolution
		{04D55437-DC9F-4512-91CD-D4253347698B}.Debug|Any CPU.ActiveCfg = Debug|Any CPU
		{04D55437-DC9F-4512-91CD-D4253347698B}.Debug|Any CPU.Build.0 = Debug|Any CPU
		{04D55437-DC9F-4512-91CD-D4253347698B}.Release|Any CPU.ActiveCfg = Release|Any CPU
		{04D55437-DC9F-4512-91CD-D4253347698B}.Release|Any CPU.Build.0 = Release|Any CPU
	EndGlobalSection
	GlobalSection(SolutionProperties) = preSolution
		HideSolutionNode = FALSE
	EndGlobalSection
	GlobalSection(ExtensibilityGlobals) = postSolution
		SolutionGuid = {6373C5B2-31D8-4B83-A2D4-33E1DC5F931A}
	EndGlobalSection
EndGlobal
